# THIS IS AN AUTOGENERATED FILE. DO NOT EDIT THIS FILE DIRECTLY.
# yarn lockfile v1


lambda-toolkit-api-composer@0.0.16, lambda-toolkit-api-composer@^0.0.16:
  version "0.0.16"
  resolved "https://registry.yarnpkg.com/lambda-toolkit-api-composer/-/lambda-toolkit-api-composer-0.0.16.tgz#445499e49ffa2f29fa4f2774c582468385fb5251"
  integrity sha512-6hvrkLuR2dQ4nmLsFGPJXXCgZPu8JvQZeBHlsTDPdXhzT3W3tI//yhuINRsAaiKVhiVFysVSqvn5O7vy6Zv28w==

lambda-toolkit-utilities@1.2.17:
  version "1.2.17"
  resolved "https://registry.yarnpkg.com/lambda-toolkit-utilities/-/lambda-toolkit-utilities-1.2.17.tgz#a7251017c4425c5f5c38c91c8e6f8a38cdaa455d"
  integrity sha512-3DS3R0daeqAiEck1IcvjmySFm6gtWWSKcR+G2h9hweMVs3/X9ZaqVticQQp3GlytPFDiFvQQnzDOzOwvr95GAA==
  dependencies:
    lambda-toolkit-api-composer "0.0.16"
